
Microsoft Visual Studio Solution File, Format Version 12.00
# Visual Studio Version 16
VisualStudioVersion = 25.0.1705.4
MinimumVisualStudioVersion = 10.0.40219.1
Project("{FAE04EC0-301F-11D3-BF4B-00C04F79EFBC}") = "FindYourDate", "FindYourDate.csproj", "{037858D9-65E5-4BA6-B4DE-4C73D875E958}"
EndProject
Global
	GlobalSection(SolutionConfigurationPlatforms) = preSolution
		Debug|Any CPU = Debug|Any CPU
		Release|Any CPU = Release|Any CPU
	EndGlobalSection
	GlobalSection(ProjectConfigurationPlatforms) = postSolution
		{037858D9-65E5-4BA6-B4DE-4C73D875E958}.Debug|Any CPU.ActiveCfg = Debug|Any CPU
		{037858D9-65E5-4BA6-B4DE-4C73D875E958}.Debug|Any CPU.Build.0 = Debug|Any CPU
		{037858D9-65E5-4BA6-B4DE-4C73D875E958}.Release|Any CPU.ActiveCfg = Release|Any CPU
		{037858D9-65E5-4BA6-B4DE-4C73D875E958}.Release|Any CPU.Build.0 = Release|Any CPU
	EndGlobalSection
	GlobalSection(SolutionProperties) = preSolution
		HideSolutionNode = FALSE
	EndGlobalSection
	GlobalSection(ExtensibilityGlobals) = postSolution
		SolutionGuid = {C6EE9950-C610-435A-ADA0-4CBE96A2D44B}
	EndGlobalSection
EndGlobal
